
Microsoft Visual Studio Solution File, Format Version 12.00
# Visual Studio Version 17
VisualStudioVersion = 17.2.32630.192
MinimumVisualStudioVersion = 10.0.40219.1
Project("{9A19103F-16F7-4668-BE54-9A1E7A4F7556}") = "ManejoContable", "ManejoContable\ManejoContable.csproj", "{C3E63A12-C091-41CD-B4D3-8C3C551966EA}"
EndProject
Project("{9A19103F-16F7-4668-BE54-9A1E7A4F7556}") = "DbContextLibrary", "ContabilidadDbContext\DbContextLibrary.csproj", "{F8DD965A-3AF7-429F-868A-15DEC0D70BC4}"
EndProject
Project("{9A19103F-16F7-4668-BE54-9A1E7A4F7556}") = "ConsoleApp", "ConsoleApp\ConsoleApp.csproj", "{39D7018F-7C70-494C-B39A-AC8C3FF32E2C}"
EndProject
Project("{9A19103F-16F7-4668-BE54-9A1E7A4F7556}") = "ModelEntities", "ModelEntities\ModelEntities.csproj", "{B2BAEFD0-BAC4-4597-A2CC-DA37CCADBC6B}"
EndProject
Project("{9A19103F-16F7-4668-BE54-9A1E7A4F7556}") = "WebApi", "WebApi\WebApi.csproj", "{17143A5C-F50D-40DE-8BA9-667A115BDFC1}"
EndProject
Project("{FAE04EC0-301F-11D3-BF4B-00C04F79EFBC}") = "ManejoContableWinUISimple", "ManejoContableWinUISimple\ManejoContableWinUISimple.csproj", "{606FFDC2-F815-496F-B060-8F05E54E33CC}"
EndProject
Global
	GlobalSection(SolutionConfigurationPlatforms) = preSolution
		Debug|Any CPU = Debug|Any CPU
		Debug|arm64 = Debug|arm64
		Debug|x64 = Debug|x64
		Debug|x86 = Debug|x86
		Release|Any CPU = Release|Any CPU
		Release|arm64 = Release|arm64
		Release|x64 = Release|x64
		Release|x86 = Release|x86
	EndGlobalSection
	GlobalSection(ProjectConfigurationPlatforms) = postSolution
		{C3E63A12-C091-41CD-B4D3-8C3C551966EA}.Debug|Any CPU.ActiveCfg = Debug|Any CPU
		{C3E63A12-C091-41CD-B4D3-8C3C551966EA}.Debug|Any CPU.Build.0 = Debug|Any CPU
		{C3E63A12-C091-41CD-B4D3-8C3C551966EA}.Debug|arm64.ActiveCfg = Debug|Any CPU
		{C3E63A12-C091-41CD-B4D3-8C3C551966EA}.Debug|x64.ActiveCfg = Debug|Any CPU
		{C3E63A12-C091-41CD-B4D3-8C3C551966EA}.Debug|x86.ActiveCfg = Debug|Any CPU
		{C3E63A12-C091-41CD-B4D3-8C3C551966EA}.Release|Any CPU.ActiveCfg = Release|Any CPU
		{C3E63A12-C091-41CD-B4D3-8C3C551966EA}.Release|Any CPU.Build.0 = Release|Any CPU
		{C3E63A12-C091-41CD-B4D3-8C3C551966EA}.Release|arm64.ActiveCfg = Release|Any CPU
		{C3E63A12-C091-41CD-B4D3-8C3C551966EA}.Release|x64.ActiveCfg = Release|Any CPU
		{C3E63A12-C091-41CD-B4D3-8C3C551966EA}.Release|x86.ActiveCfg = Release|Any CPU
		{F8DD965A-3AF7-429F-868A-15DEC0D70BC4}.Debug|Any CPU.ActiveCfg = Debug|Any CPU
		{F8DD965A-3AF7-429F-868A-15DEC0D70BC4}.Debug|Any CPU.Build.0 = Debug|Any CPU
		{F8DD965A-3AF7-429F-868A-15DEC0D70BC4}.Debug|arm64.ActiveCfg = Debug|Any CPU
		{F8DD965A-3AF7-429F-868A-15DEC0D70BC4}.Debug|arm64.Build.0 = Debug|Any CPU
		{F8DD965A-3AF7-429F-868A-15DEC0D70BC4}.Debug|x64.ActiveCfg = Debug|Any CPU
		{F8DD965A-3AF7-429F-868A-15DEC0D70BC4}.Debug|x64.Build.0 = Debug|Any CPU
		{F8DD965A-3AF7-429F-868A-15DEC0D70BC4}.Debug|x86.ActiveCfg = Debug|Any CPU
		{F8DD965A-3AF7-429F-868A-15DEC0D70BC4}.Debug|x86.Build.0 = Debug|Any CPU
		{F8DD965A-3AF7-429F-868A-15DEC0D70BC4}.Release|Any CPU.ActiveCfg = Release|Any CPU
		{F8DD965A-3AF7-429F-868A-15DEC0D70BC4}.Release|Any CPU.Build.0 = Release|Any CPU
		{F8DD965A-3AF7-429F-868A-15DEC0D70BC4}.Release|arm64.ActiveCfg = Release|Any CPU
		{F8DD965A-3AF7-429F-868A-15DEC0D70BC4}.Release|arm64.Build.0 = Release|Any CPU
		{F8DD965A-3AF7-429F-868A-15DEC0D70BC4}.Release|x64.ActiveCfg = Release|Any CPU
		{F8DD965A-3AF7-429F-868A-15DEC0D70BC4}.Release|x64.Build.0 = Release|Any CPU
		{F8DD965A-3AF7-429F-868A-15DEC0D70BC4}.Release|x86.ActiveCfg = Release|Any CPU
		{F8DD965A-3AF7-429F-868A-15DEC0D70BC4}.Release|x86.Build.0 = Release|Any CPU
		{39D7018F-7C70-494C-B39A-AC8C3FF32E2C}.Debug|Any CPU.ActiveCfg = Debug|Any CPU
		{39D7018F-7C70-494C-B39A-AC8C3FF32E2C}.Debug|Any CPU.Build.0 = Debug|Any CPU
		{39D7018F-7C70-494C-B39A-AC8C3FF32E2C}.Debug|arm64.ActiveCfg = Debug|Any CPU
		{39D7018F-7C70-494C-B39A-AC8C3FF32E2C}.Debug|arm64.Build.0 = Debug|Any CPU
		{39D7018F-7C70-494C-B39A-AC8C3FF32E2C}.Debug|x64.ActiveCfg = Debug|Any CPU
		{39D7018F-7C70-494C-B39A-AC8C3FF32E2C}.Debug|x64.Build.0 = Debug|Any CPU
		{39D7018F-7C70-494C-B39A-AC8C3FF32E2C}.Debug|x86.ActiveCfg = Debug|Any CPU
		{39D7018F-7C70-494C-B39A-AC8C3FF32E2C}.Debug|x86.Build.0 = Debug|Any CPU
		{39D7018F-7C70-494C-B39A-AC8C3FF32E2C}.Release|Any CPU.ActiveCfg = Release|Any CPU
		{39D7018F-7C70-494C-B39A-AC8C3FF32E2C}.Release|Any CPU.Build.0 = Release|Any CPU
		{39D7018F-7C70-494C-B39A-AC8C3FF32E2C}.Release|arm64.ActiveCfg = Release|Any CPU
		{39D7018F-7C70-494C-B39A-AC8C3FF32E2C}.Release|arm64.Build.0 = Release|Any CPU
		{39D7018F-7C70-494C-B39A-AC8C3FF32E2C}.Release|x64.ActiveCfg = Release|Any CPU
		{39D7018F-7C70-494C-B39A-AC8C3FF32E2C}.Release|x64.Build.0 = Release|Any CPU
		{39D7018F-7C70-494C-B39A-AC8C3FF32E2C}.Release|x86.ActiveCfg = Release|Any CPU
		{39D7018F-7C70-494C-B39A-AC8C3FF32E2C}.Release|x86.Build.0 = Release|Any CPU
		{B2BAEFD0-BAC4-4597-A2CC-DA37CCADBC6B}.Debug|Any CPU.ActiveCfg = Debug|Any CPU
		{B2BAEFD0-BAC4-4597-A2CC-DA37CCADBC6B}.Debug|Any CPU.Build.0 = Debug|Any CPU
		{B2BAEFD0-BAC4-4597-A2CC-DA37CCADBC6B}.Debug|arm64.ActiveCfg = Debug|Any CPU
		{B2BAEFD0-BAC4-4597-A2CC-DA37CCADBC6B}.Debug|arm64.Build.0 = Debug|Any CPU
		{B2BAEFD0-BAC4-4597-A2CC-DA37CCADBC6B}.Debug|x64.ActiveCfg = Debug|Any CPU
		{B2BAEFD0-BAC4-4597-A2CC-DA37CCADBC6B}.Debug|x64.Build.0 = Debug|Any CPU
		{B2BAEFD0-BAC4-4597-A2CC-DA37CCADBC6B}.Debug|x86.ActiveCfg = Debug|Any CPU
		{B2BAEFD0-BAC4-4597-A2CC-DA37CCADBC6B}.Debug|x86.Build.0 = Debug|Any CPU
		{B2BAEFD0-BAC4-4597-A2CC-DA37CCADBC6B}.Release|Any CPU.ActiveCfg = Release|Any CPU
		{B2BAEFD0-BAC4-4597-A2CC-DA37CCADBC6B}.Release|Any CPU.Build.0 = Release|Any CPU
		{B2BAEFD0-BAC4-4597-A2CC-DA37CCADBC6B}.Release|arm64.ActiveCfg = Release|Any CPU
		{B2BAEFD0-BAC4-4597-A2CC-DA37CCADBC6B}.Release|arm64.Build.0 = Release|Any CPU
		{B2BAEFD0-BAC4-4597-A2CC-DA37CCADBC6B}.Release|x64.ActiveCfg = Release|Any CPU
		{B2BAEFD0-BAC4-4597-A2CC-DA37CCADBC6B}.Release|x64.Build.0 = Release|Any CPU
		{B2BAEFD0-BAC4-4597-A2CC-DA37CCADBC6B}.Release|x86.ActiveCfg = Release|Any CPU
		{B2BAEFD0-BAC4-4597-A2CC-DA37CCADBC6B}.Release|x86.Build.0 = Release|Any CPU
		{17143A5C-F50D-40DE-8BA9-667A115BDFC1}.Debug|Any CPU.ActiveCfg = Debug|Any CPU
		{17143A5C-F50D-40DE-8BA9-667A115BDFC1}.Debug|Any CPU.Build.0 = Debug|Any CPU
		{17143A5C-F50D-40DE-8BA9-667A115BDFC1}.Debug|arm64.ActiveCfg = Debug|Any CPU
		{17143A5C-F50D-40DE-8BA9-667A115BDFC1}.Debug|arm64.Build.0 = Debug|Any CPU
		{17143A5C-F50D-40DE-8BA9-667A115BDFC1}.Debug|x64.ActiveCfg = Debug|Any CPU
		{17143A5C-F50D-40DE-8BA9-667A115BDFC1}.Debug|x64.Build.0 = Debug|Any CPU
		{17143A5C-F50D-40DE-8BA9-667A115BDFC1}.Debug|x86.ActiveCfg = Debug|Any CPU
		{17143A5C-F50D-40DE-8BA9-667A115BDFC1}.Debug|x86.Build.0 = Debug|Any CPU
		{17143A5C-F50D-40DE-8BA9-667A115BDFC1}.Release|Any CPU.ActiveCfg = Release|Any CPU
		{17143A5C-F50D-40DE-8BA9-667A115BDFC1}.Release|Any CPU.Build.0 = Release|Any CPU
		{17143A5C-F50D-40DE-8BA9-667A115BDFC1}.Release|arm64.ActiveCfg = Release|Any CPU
		{17143A5C-F50D-40DE-8BA9-667A115BDFC1}.Release|arm64.Build.0 = Release|Any CPU
		{17143A5C-F50D-40DE-8BA9-667A115BDFC1}.Release|x64.ActiveCfg = Release|Any CPU
		{17143A5C-F50D-40DE-8BA9-667A115BDFC1}.Release|x64.Build.0 = Release|Any CPU
		{17143A5C-F50D-40DE-8BA9-667A115BDFC1}.Release|x86.ActiveCfg = Release|Any CPU
		{17143A5C-F50D-40DE-8BA9-667A115BDFC1}.Release|x86.Build.0 = Release|Any CPU
		{606FFDC2-F815-496F-B060-8F05E54E33CC}.Debug|Any CPU.ActiveCfg = Debug|x64
		{606FFDC2-F815-496F-B060-8F05E54E33CC}.Debug|Any CPU.Build.0 = Debug|x64
		{606FFDC2-F815-496F-B060-8F05E54E33CC}.Debug|Any CPU.Deploy.0 = Debug|x64
		{606FFDC2-F815-496F-B060-8F05E54E33CC}.Debug|arm64.ActiveCfg = Debug|arm64
		{606FFDC2-F815-496F-B060-8F05E54E33CC}.Debug|arm64.Build.0 = Debug|arm64
		{606FFDC2-F815-496F-B060-8F05E54E33CC}.Debug|arm64.Deploy.0 = Debug|arm64
		{606FFDC2-F815-496F-B060-8F05E54E33CC}.Debug|x64.ActiveCfg = Debug|x64
		{606FFDC2-F815-496F-B060-8F05E54E33CC}.Debug|x64.Build.0 = Debug|x64
		{606FFDC2-F815-496F-B060-8F05E54E33CC}.Debug|x64.Deploy.0 = Debug|x64
		{606FFDC2-F815-496F-B060-8F05E54E33CC}.Debug|x86.ActiveCfg = Debug|x86
		{606FFDC2-F815-496F-B060-8F05E54E33CC}.Debug|x86.Build.0 = Debug|x86
		{606FFDC2-F815-496F-B060-8F05E54E33CC}.Debug|x86.Deploy.0 = Debug|x86
		{606FFDC2-F815-496F-B060-8F05E54E33CC}.Release|Any CPU.ActiveCfg = Release|x64
		{606FFDC2-F815-496F-B060-8F05E54E33CC}.Release|Any CPU.Build.0 = Release|x64
		{606FFDC2-F815-496F-B060-8F05E54E33CC}.Release|Any CPU.Deploy.0 = Release|x64
		{606FFDC2-F815-496F-B060-8F05E54E33CC}.Release|arm64.ActiveCfg = Release|arm64
		{606FFDC2-F815-496F-B060-8F05E54E33CC}.Release|arm64.Build.0 = Release|arm64
		{606FFDC2-F815-496F-B060-8F05E54E33CC}.Release|arm64.Deploy.0 = Release|arm64
		{606FFDC2-F815-496F-B060-8F05E54E33CC}.Release|x64.ActiveCfg = Release|x64
		{606FFDC2-F815-496F-B060-8F05E54E33CC}.Release|x64.Build.0 = Release|x64
		{606FFDC2-F815-496F-B060-8F05E54E33CC}.Release|x64.Deploy.0 = Release|x64
		{606FFDC2-F815-496F-B060-8F05E54E33CC}.Release|x86.ActiveCfg = Release|x86
		{606FFDC2-F815-496F-B060-8F05E54E33CC}.Release|x86.Build.0 = Release|x86
		{606FFDC2-F815-496F-B060-8F05E54E33CC}.Release|x86.Deploy.0 = Release|x86
	EndGlobalSection
	GlobalSection(SolutionProperties) = preSolution
		HideSolutionNode = FALSE
	EndGlobalSection
	GlobalSection(ExtensibilityGlobals) = postSolution
		SolutionGuid = {7588C563-A5B1-4B9B-893E-5154C2455D2F}
	EndGlobalSection
EndGlobal
