
Microsoft Visual Studio Solution File, Format Version 12.00
# Visual Studio Version 17
VisualStudioVersion = 17.2.32630.192
MinimumVisualStudioVersion = 10.0.40219.1
Project("{9A19103F-16F7-4668-BE54-9A1E7A4F7556}") = "ManejoContable", "ManejoContable\ManejoContable.csproj", "{C3E63A12-C091-41CD-B4D3-8C3C551966EA}"
EndProject
Project("{9A19103F-16F7-4668-BE54-9A1E7A4F7556}") = "DbContextLibrary", "ContabilidadDbContext\DbContextLibrary.csproj", "{F8DD965A-3AF7-429F-868A-15DEC0D70BC4}"
EndProject
Project("{9A19103F-16F7-4668-BE54-9A1E7A4F7556}") = "ConsoleApp", "ConsoleApp\ConsoleApp.csproj", "{39D7018F-7C70-494C-B39A-AC8C3FF32E2C}"
EndProject
Project("{9A19103F-16F7-4668-BE54-9A1E7A4F7556}") = "ModelEntities", "ModelEntities\ModelEntities.csproj", "{B2BAEFD0-BAC4-4597-A2CC-DA37CCADBC6B}"
EndProject
Project("{9A19103F-16F7-4668-BE54-9A1E7A4F7556}") = "WebApi", "WebApi\WebApi.csproj", "{17143A5C-F50D-40DE-8BA9-667A115BDFC1}"
EndProject
Global
	GlobalSection(SolutionConfigurationPlatforms) = preSolution
		Debug|Any CPU = Debug|Any CPU
		Release|Any CPU = Release|Any CPU
	EndGlobalSection
	GlobalSection(ProjectConfigurationPlatforms) = postSolution
		{C3E63A12-C091-41CD-B4D3-8C3C551966EA}.Debug|Any CPU.ActiveCfg = Debug|Any CPU
		{C3E63A12-C091-41CD-B4D3-8C3C551966EA}.Debug|Any CPU.Build.0 = Debug|Any CPU
		{C3E63A12-C091-41CD-B4D3-8C3C551966EA}.Release|Any CPU.ActiveCfg = Release|Any CPU
		{C3E63A12-C091-41CD-B4D3-8C3C551966EA}.Release|Any CPU.Build.0 = Release|Any CPU
		{F8DD965A-3AF7-429F-868A-15DEC0D70BC4}.Debug|Any CPU.ActiveCfg = Debug|Any CPU
		{F8DD965A-3AF7-429F-868A-15DEC0D70BC4}.Debug|Any CPU.Build.0 = Debug|Any CPU
		{F8DD965A-3AF7-429F-868A-15DEC0D70BC4}.Release|Any CPU.ActiveCfg = Release|Any CPU
		{F8DD965A-3AF7-429F-868A-15DEC0D70BC4}.Release|Any CPU.Build.0 = Release|Any CPU
		{39D7018F-7C70-494C-B39A-AC8C3FF32E2C}.Debug|Any CPU.ActiveCfg = Debug|Any CPU
		{39D7018F-7C70-494C-B39A-AC8C3FF32E2C}.Debug|Any CPU.Build.0 = Debug|Any CPU
		{39D7018F-7C70-494C-B39A-AC8C3FF32E2C}.Release|Any CPU.ActiveCfg = Release|Any CPU
		{39D7018F-7C70-494C-B39A-AC8C3FF32E2C}.Release|Any CPU.Build.0 = Release|Any CPU
		{B2BAEFD0-BAC4-4597-A2CC-DA37CCADBC6B}.Debug|Any CPU.ActiveCfg = Debug|Any CPU
		{B2BAEFD0-BAC4-4597-A2CC-DA37CCADBC6B}.Debug|Any CPU.Build.0 = Debug|Any CPU
		{B2BAEFD0-BAC4-4597-A2CC-DA37CCADBC6B}.Release|Any CPU.ActiveCfg = Release|Any CPU
		{B2BAEFD0-BAC4-4597-A2CC-DA37CCADBC6B}.Release|Any CPU.Build.0 = Release|Any CPU
		{17143A5C-F50D-40DE-8BA9-667A115BDFC1}.Debug|Any CPU.ActiveCfg = Debug|Any CPU
		{17143A5C-F50D-40DE-8BA9-667A115BDFC1}.Debug|Any CPU.Build.0 = Debug|Any CPU
		{17143A5C-F50D-40DE-8BA9-667A115BDFC1}.Release|Any CPU.ActiveCfg = Release|Any CPU
		{17143A5C-F50D-40DE-8BA9-667A115BDFC1}.Release|Any CPU.Build.0 = Release|Any CPU
	EndGlobalSection
	GlobalSection(SolutionProperties) = preSolution
		HideSolutionNode = FALSE
	EndGlobalSection
	GlobalSection(ExtensibilityGlobals) = postSolution
		SolutionGuid = {7588C563-A5B1-4B9B-893E-5154C2455D2F}
	EndGlobalSection
EndGlobal
