
Microsoft Visual Studio Solution File, Format Version 12.00
# Visual Studio Version 17
VisualStudioVersion = 17.5.33414.496
MinimumVisualStudioVersion = 10.0.40219.1
Project("{9A19103F-16F7-4668-BE54-9A1E7A4F7556}") = "ConsoleApp1", "ConsoleApp1\ConsoleApp1.csproj", "{A0A2A565-B197-412A-8E07-E1635BB684BF}"
EndProject
Global
	GlobalSection(SolutionConfigurationPlatforms) = preSolution
		Debug|Any CPU = Debug|Any CPU
		Release|Any CPU = Release|Any CPU
	EndGlobalSection
	GlobalSection(ProjectConfigurationPlatforms) = postSolution
		{A0A2A565-B197-412A-8E07-E1635BB684BF}.Debug|Any CPU.ActiveCfg = Debug|Any CPU
		{A0A2A565-B197-412A-8E07-E1635BB684BF}.Debug|Any CPU.Build.0 = Debug|Any CPU
		{A0A2A565-B197-412A-8E07-E1635BB684BF}.Release|Any CPU.ActiveCfg = Release|Any CPU
		{A0A2A565-B197-412A-8E07-E1635BB684BF}.Release|Any CPU.Build.0 = Release|Any CPU
	EndGlobalSection
	GlobalSection(SolutionProperties) = preSolution
		HideSolutionNode = FALSE
	EndGlobalSection
	GlobalSection(ExtensibilityGlobals) = postSolution
		SolutionGuid = {06F41A87-32AC-46CA-BBA9-0EDC954A5556}
	EndGlobalSection
EndGlobal
