
Microsoft Visual Studio Solution File, Format Version 12.00
# Visual Studio Version 17
VisualStudioVersion = 17.0.31903.59
MinimumVisualStudioVersion = 10.0.40219.1
Project("{9A19103F-16F7-4668-BE54-9A1E7A4F7556}") = "ModelEntities", "ModelEntities\ModelEntities.csproj", "{FEA84F8B-AC5D-48CB-9710-1D0C1398D49E}"
EndProject
Project("{9A19103F-16F7-4668-BE54-9A1E7A4F7556}") = "DbContextLibrary", "DbContextLibrary\DbContextLibrary.csproj", "{5C36DC67-1944-40F3-9A91-2F6EF1925A38}"
EndProject
Project("{9A19103F-16F7-4668-BE54-9A1E7A4F7556}") = "ContabilidadWinUI", "ContabilidadWinUI\ContabilidadWinUI.csproj", "{A6A19DF2-AAAB-4EBC-B493-45EC32A0313E}"
EndProject
Project("{FAE04EC0-301F-11D3-BF4B-00C04F79EFBC}") = "ConsoleApp", "ConsoleApp\ConsoleApp.csproj", "{2079274B-A642-4B4F-8589-568F7F4872B5}"
EndProject
Project("{FAE04EC0-301F-11D3-BF4B-00C04F79EFBC}") = "RecognizerLibrary", "RecognizerLibrary\RecognizerLibrary.csproj", "{B06A9813-AC7B-43A7-94A3-45B7E0668917}"
EndProject
Global
	GlobalSection(SolutionConfigurationPlatforms) = preSolution
		Debug|Any CPU = Debug|Any CPU
		Release|Any CPU = Release|Any CPU
	EndGlobalSection
	GlobalSection(ProjectConfigurationPlatforms) = postSolution
		{FEA84F8B-AC5D-48CB-9710-1D0C1398D49E}.Debug|Any CPU.ActiveCfg = Debug|Any CPU
		{FEA84F8B-AC5D-48CB-9710-1D0C1398D49E}.Debug|Any CPU.Build.0 = Debug|Any CPU
		{FEA84F8B-AC5D-48CB-9710-1D0C1398D49E}.Release|Any CPU.ActiveCfg = Release|Any CPU
		{FEA84F8B-AC5D-48CB-9710-1D0C1398D49E}.Release|Any CPU.Build.0 = Release|Any CPU
		{5C36DC67-1944-40F3-9A91-2F6EF1925A38}.Debug|Any CPU.ActiveCfg = Debug|Any CPU
		{5C36DC67-1944-40F3-9A91-2F6EF1925A38}.Debug|Any CPU.Build.0 = Debug|Any CPU
		{5C36DC67-1944-40F3-9A91-2F6EF1925A38}.Release|Any CPU.ActiveCfg = Release|Any CPU
		{5C36DC67-1944-40F3-9A91-2F6EF1925A38}.Release|Any CPU.Build.0 = Release|Any CPU
		{A6A19DF2-AAAB-4EBC-B493-45EC32A0313E}.Debug|Any CPU.ActiveCfg = Debug|x86
		{A6A19DF2-AAAB-4EBC-B493-45EC32A0313E}.Debug|Any CPU.Build.0 = Debug|x86
		{A6A19DF2-AAAB-4EBC-B493-45EC32A0313E}.Debug|Any CPU.Deploy.0 = Debug|x86
		{A6A19DF2-AAAB-4EBC-B493-45EC32A0313E}.Release|Any CPU.ActiveCfg = Release|x86
		{A6A19DF2-AAAB-4EBC-B493-45EC32A0313E}.Release|Any CPU.Build.0 = Release|x86
		{2079274B-A642-4B4F-8589-568F7F4872B5}.Debug|Any CPU.ActiveCfg = Debug|Any CPU
		{2079274B-A642-4B4F-8589-568F7F4872B5}.Debug|Any CPU.Build.0 = Debug|Any CPU
		{2079274B-A642-4B4F-8589-568F7F4872B5}.Release|Any CPU.ActiveCfg = Release|Any CPU
		{2079274B-A642-4B4F-8589-568F7F4872B5}.Release|Any CPU.Build.0 = Release|Any CPU
		{B06A9813-AC7B-43A7-94A3-45B7E0668917}.Debug|Any CPU.ActiveCfg = Debug|Any CPU
		{B06A9813-AC7B-43A7-94A3-45B7E0668917}.Debug|Any CPU.Build.0 = Debug|Any CPU
		{B06A9813-AC7B-43A7-94A3-45B7E0668917}.Release|Any CPU.ActiveCfg = Release|Any CPU
		{B06A9813-AC7B-43A7-94A3-45B7E0668917}.Release|Any CPU.Build.0 = Release|Any CPU
	EndGlobalSection
	GlobalSection(SolutionProperties) = preSolution
		HideSolutionNode = FALSE
	EndGlobalSection
	GlobalSection(ExtensibilityGlobals) = postSolution
		SolutionGuid = {14B9E09A-165B-4620-9186-5BB1B6A2F6F8}
	EndGlobalSection
EndGlobal
